
Microsoft Visual Studio Solution File, Format Version 12.00
# Visual Studio Version 17
VisualStudioVersion = 17.6.33815.320
MinimumVisualStudioVersion = 10.0.40219.1
Project("{8BC9CEB8-8B4A-11D0-8D11-00A0C91BC942}") = "DeviceDriver", "DeviceDriver\DeviceDriver.vcxproj", "{3D1BF7BB-2950-41E7-B0F4-59CD39184B73}"
EndProject
Project("{8BC9CEB8-8B4A-11D0-8D11-00A0C91BC942}") = "Sample-Test1", "Sample-Test1\Sample-Test1.vcxproj", "{BA9436C0-952F-4BA0-8A19-B856DE782435}"
EndProject
Project("{2150E333-8FDC-42A3-9474-1A3956D46DE8}") = "솔루션 항목", "솔루션 항목", "{0E1298AB-C99B-4223-8569-B5D8FA23143B}"
	ProjectSection(SolutionItems) = preProject
		.gitignore = .gitignore
		README.md = README.md
	EndProjectSection
EndProject
Global
	GlobalSection(SolutionConfigurationPlatforms) = preSolution
		Debug|x64 = Debug|x64
		Debug|x86 = Debug|x86
		Release|x64 = Release|x64
		Release|x86 = Release|x86
	EndGlobalSection
	GlobalSection(ProjectConfigurationPlatforms) = postSolution
		{3D1BF7BB-2950-41E7-B0F4-59CD39184B73}.Debug|x64.ActiveCfg = Debug|x64
		{3D1BF7BB-2950-41E7-B0F4-59CD39184B73}.Debug|x64.Build.0 = Debug|x64
		{3D1BF7BB-2950-41E7-B0F4-59CD39184B73}.Debug|x86.ActiveCfg = Debug|Win32
		{3D1BF7BB-2950-41E7-B0F4-59CD39184B73}.Debug|x86.Build.0 = Debug|Win32
		{3D1BF7BB-2950-41E7-B0F4-59CD39184B73}.Release|x64.ActiveCfg = Release|x64
		{3D1BF7BB-2950-41E7-B0F4-59CD39184B73}.Release|x64.Build.0 = Release|x64
		{3D1BF7BB-2950-41E7-B0F4-59CD39184B73}.Release|x86.ActiveCfg = Release|Win32
		{3D1BF7BB-2950-41E7-B0F4-59CD39184B73}.Release|x86.Build.0 = Release|Win32
		{BA9436C0-952F-4BA0-8A19-B856DE782435}.Debug|x64.ActiveCfg = Debug|x64
		{BA9436C0-952F-4BA0-8A19-B856DE782435}.Debug|x64.Build.0 = Debug|x64
		{BA9436C0-952F-4BA0-8A19-B856DE782435}.Debug|x86.ActiveCfg = Debug|Win32
		{BA9436C0-952F-4BA0-8A19-B856DE782435}.Debug|x86.Build.0 = Debug|Win32
		{BA9436C0-952F-4BA0-8A19-B856DE782435}.Release|x64.ActiveCfg = Release|x64
		{BA9436C0-952F-4BA0-8A19-B856DE782435}.Release|x64.Build.0 = Release|x64
		{BA9436C0-952F-4BA0-8A19-B856DE782435}.Release|x86.ActiveCfg = Release|Win32
		{BA9436C0-952F-4BA0-8A19-B856DE782435}.Release|x86.Build.0 = Release|Win32
	EndGlobalSection
	GlobalSection(SolutionProperties) = preSolution
		HideSolutionNode = FALSE
	EndGlobalSection
	GlobalSection(ExtensibilityGlobals) = postSolution
		SolutionGuid = {A7A5CFD9-B233-4B4C-BC24-7600AF475B2B}
	EndGlobalSection
EndGlobal
